// !$*UTF8*$!
{
	archiveVersion = 1;
	classes = {
	};
	objectVersion = 55;
	objects = {

/* Begin PBXBuildFile section */
		0DAFCB6C27F896010035B058 /* AppDelegate.swift in Sources */ = {isa = PBXBuildFile; fileRef = 0DAFCB6B27F896010035B058 /* AppDelegate.swift */; };
		0DAFCB6E27F896010035B058 /* SceneDelegate.swift in Sources */ = {isa = PBXBuildFile; fileRef = 0DAFCB6D27F896010035B058 /* SceneDelegate.swift */; };
		0DAFCB7027F896010035B058 /* ViewController.swift in Sources */ = {isa = PBXBuildFile; fileRef = 0DAFCB6F27F896010035B058 /* ViewController.swift */; };
		0DAFCB7327F896010035B058 /* Main.storyboard in Resources */ = {isa = PBXBuildFile; fileRef = 0DAFCB7127F896010035B058 /* Main.storyboard */; };
		0DAFCB7527F896030035B058 /* Assets.xcassets in Resources */ = {isa = PBXBuildFile; fileRef = 0DAFCB7427F896030035B058 /* Assets.xcassets */; };
		0DAFCB7827F896030035B058 /* LaunchScreen.storyboard in Resources */ = {isa = PBXBuildFile; fileRef = 0DAFCB7627F896030035B058 /* LaunchScreen.storyboard */; };
		0DAFCB8527F89C5F0035B058 /* CustomTableViewCell.swift in Sources */ = {isa = PBXBuildFile; fileRef = 0DAFCB8427F89C5F0035B058 /* CustomTableViewCell.swift */; };
		0DAFCB8727F89E840035B058 /* webservice.swift in Sources */ = {isa = PBXBuildFile; fileRef = 0DAFCB8627F89E840035B058 /* webservice.swift */; };
		0DAFCB8927F89EF70035B058 /* model.swift in Sources */ = {isa = PBXBuildFile; fileRef = 0DAFCB8827F89EF70035B058 /* model.swift */; };
		0DAFCB8B27F8A2BC0035B058 /* haberviewmodel.swift in Sources */ = {isa = PBXBuildFile; fileRef = 0DAFCB8A27F8A2BC0035B058 /* haberviewmodel.swift */; };
		0DAFCB8D27F8BD900035B058 /* imageconvert.swift in Sources */ = {isa = PBXBuildFile; fileRef = 0DAFCB8C27F8BD900035B058 /* imageconvert.swift */; };
		0DAFCB8F27F945D90035B058 /* SecondViewController.swift in Sources */ = {isa = PBXBuildFile; fileRef = 0DAFCB8E27F945D90035B058 /* SecondViewController.swift */; };
/* End PBXBuildFile section */

/* Begin PBXFileReference section */
		0DAFCB6827F896010035B058 /* CommentoutMobileApp.app */ = {isa = PBXFileReference; explicitFileType = wrapper.application; includeInIndex = 0; path = CommentoutMobileApp.app; sourceTree = BUILT_PRODUCTS_DIR; };
		0DAFCB6B27F896010035B058 /* AppDelegate.swift */ = {isa = PBXFileReference; lastKnownFileType = sourcecode.swift; path = AppDelegate.swift; sourceTree = "<group>"; };
		0DAFCB6D27F896010035B058 /* SceneDelegate.swift */ = {isa = PBXFileReference; lastKnownFileType = sourcecode.swift; path = SceneDelegate.swift; sourceTree = "<group>"; };
		0DAFCB6F27F896010035B058 /* ViewController.swift */ = {isa = PBXFileReference; lastKnownFileType = sourcecode.swift; path = ViewController.swift; sourceTree = "<group>"; };
		0DAFCB7227F896010035B058 /* Base */ = {isa = PBXFileReference; lastKnownFileType = file.storyboard; name = Base; path = Base.lproj/Main.storyboard; sourceTree = "<group>"; };
		0DAFCB7427F896030035B058 /* Assets.xcassets */ = {isa = PBXFileReference; lastKnownFileType = folder.assetcatalog; path = Assets.xcassets; sourceTree = "<group>"; };
		0DAFCB7727F896030035B058 /* Base */ = {isa = PBXFileReference; lastKnownFileType = file.storyboard; name = Base; path = Base.lproj/LaunchScreen.storyboard; sourceTree = "<group>"; };
		0DAFCB7927F896030035B058 /* Info.plist */ = {isa = PBXFileReference; lastKnownFileType = text.plist.xml; path = Info.plist; sourceTree = "<group>"; };
		0DAFCB8427F89C5F0035B058 /* CustomTableViewCell.swift */ = {isa = PBXFileReference; lastKnownFileType = sourcecode.swift; path = CustomTableViewCell.swift; sourceTree = "<group>"; };
		0DAFCB8627F89E840035B058 /* webservice.swift */ = {isa = PBXFileReference; lastKnownFileType = sourcecode.swift; path = webservice.swift; sourceTree = "<group>"; };
		0DAFCB8827F89EF70035B058 /* model.swift */ = {isa = PBXFileReference; lastKnownFileType = sourcecode.swift; path = model.swift; sourceTree = "<group>"; };
		0DAFCB8A27F8A2BC0035B058 /* haberviewmodel.swift */ = {isa = PBXFileReference; lastKnownFileType = sourcecode.swift; path = haberviewmodel.swift; sourceTree = "<group>"; };
		0DAFCB8C27F8BD900035B058 /* imageconvert.swift */ = {isa = PBXFileReference; lastKnownFileType = sourcecode.swift; path = imageconvert.swift; sourceTree = "<group>"; };
		0DAFCB8E27F945D90035B058 /* SecondViewController.swift */ = {isa = PBXFileReference; lastKnownFileType = sourcecode.swift; path = SecondViewController.swift; sourceTree = "<group>"; };
/* End PBXFileReference section */

/* Begin PBXFrameworksBuildPhase section */
		0DAFCB6527F896010035B058 /* Frameworks */ = {
			isa = PBXFrameworksBuildPhase;
			buildActionMask = 2147483647;
			files = (
			);
			runOnlyForDeploymentPostprocessing = 0;
		};
/* End PBXFrameworksBuildPhase section */

/* Begin PBXGroup section */
		0D8AB3C527FA5C9000024C43 /* extension */ = {
			isa = PBXGroup;
			children = (
				0DAFCB8C27F8BD900035B058 /* imageconvert.swift */,
			);
			path = extension;
			sourceTree = "<group>";
		};
		0DAFCB5F27F896010035B058 = {
			isa = PBXGroup;
			children = (
				0DAFCB6A27F896010035B058 /* CommentoutMobileApp */,
				0DAFCB6927F896010035B058 /* Products */,
			);
			sourceTree = "<group>";
		};
		0DAFCB6927F896010035B058 /* Products */ = {
			isa = PBXGroup;
			children = (
				0DAFCB6827F896010035B058 /* CommentoutMobileApp.app */,
			);
			name = Products;
			sourceTree = "<group>";
		};
		0DAFCB6A27F896010035B058 /* CommentoutMobileApp */ = {
			isa = PBXGroup;
			children = (
				0D8AB3C527FA5C9000024C43 /* extension */,
				0DAFCB8027F898C30035B058 /* model */,
				0DAFCB7F27F898BC0035B058 /* view */,
				0DAFCB8127F898CF0035B058 /* viewmodel */,
				0DAFCB8327F898E40035B058 /* service */,
				0DAFCB7127F896010035B058 /* Main.storyboard */,
				0DAFCB7427F896030035B058 /* Assets.xcassets */,
				0DAFCB7627F896030035B058 /* LaunchScreen.storyboard */,
				0DAFCB7927F896030035B058 /* Info.plist */,
			);
			path = CommentoutMobileApp;
			sourceTree = "<group>";
		};
		0DAFCB7F27F898BC0035B058 /* view */ = {
			isa = PBXGroup;
			children = (
				0DAFCB6D27F896010035B058 /* SceneDelegate.swift */,
				0DAFCB6B27F896010035B058 /* AppDelegate.swift */,
				0DAFCB8427F89C5F0035B058 /* CustomTableViewCell.swift */,
				0DAFCB6F27F896010035B058 /* ViewController.swift */,
				0DAFCB8E27F945D90035B058 /* SecondViewController.swift */,
			);
			path = view;
			sourceTree = "<group>";
		};
		0DAFCB8027F898C30035B058 /* model */ = {
			isa = PBXGroup;
			children = (
				0DAFCB8827F89EF70035B058 /* model.swift */,
			);
			path = model;
			sourceTree = "<group>";
		};
		0DAFCB8127F898CF0035B058 /* viewmodel */ = {
			isa = PBXGroup;
			children = (
				0DAFCB8A27F8A2BC0035B058 /* haberviewmodel.swift */,
			);
			path = viewmodel;
			sourceTree = "<group>";
		};
		0DAFCB8327F898E40035B058 /* service */ = {
			isa = PBXGroup;
			children = (
				0DAFCB8627F89E840035B058 /* webservice.swift */,
			);
			path = service;
			sourceTree = "<group>";
		};
/* End PBXGroup section */

/* Begin PBXNativeTarget section */
		0DAFCB6727F896010035B058 /* CommentoutMobileApp */ = {
			isa = PBXNativeTarget;
			buildConfigurationList = 0DAFCB7C27F896030035B058 /* Build configuration list for PBXNativeTarget "CommentoutMobileApp" */;
			buildPhases = (
				0DAFCB6427F896010035B058 /* Sources */,
				0DAFCB6527F896010035B058 /* Frameworks */,
				0DAFCB6627F896010035B058 /* Resources */,
			);
			buildRules = (
			);
			dependencies = (
			);
			name = CommentoutMobileApp;
			productName = CommentoutMobileApp;
			productReference = 0DAFCB6827F896010035B058 /* CommentoutMobileApp.app */;
			productType = "com.apple.product-type.application";
		};
/* End PBXNativeTarget section */

/* Begin PBXProject section */
		0DAFCB6027F896010035B058 /* Project object */ = {
			isa = PBXProject;
			attributes = {
				BuildIndependentTargetsInParallel = 1;
				LastSwiftUpdateCheck = 1330;
				LastUpgradeCheck = 1330;
				TargetAttributes = {
					0DAFCB6727F896010035B058 = {
						CreatedOnToolsVersion = 13.3;
					};
				};
			};
			buildConfigurationList = 0DAFCB6327F896010035B058 /* Build configuration list for PBXProject "CommentoutMobileApp" */;
			compatibilityVersion = "Xcode 13.0";
			developmentRegion = en;
			hasScannedForEncodings = 0;
			knownRegions = (
				en,
				Base,
			);
			mainGroup = 0DAFCB5F27F896010035B058;
			productRefGroup = 0DAFCB6927F896010035B058 /* Products */;
			projectDirPath = "";
			projectRoot = "";
			targets = (
				0DAFCB6727F896010035B058 /* CommentoutMobileApp */,
			);
		};
/* End PBXProject section */

/* Begin PBXResourcesBuildPhase section */
		0DAFCB6627F896010035B058 /* Resources */ = {
			isa = PBXResourcesBuildPhase;
			buildActionMask = 2147483647;
			files = (
				0DAFCB7827F896030035B058 /* LaunchScreen.storyboard in Resources */,
				0DAFCB7527F896030035B058 /* Assets.xcassets in Resources */,
				0DAFCB7327F896010035B058 /* Main.storyboard in Resources */,
			);
			runOnlyForDeploymentPostprocessing = 0;
		};
/* End PBXResourcesBuildPhase section */

/* Begin PBXSourcesBuildPhase section */
		0DAFCB6427F896010035B058 /* Sources */ = {
			isa = PBXSourcesBuildPhase;
			buildActionMask = 2147483647;
			files = (
				0DAFCB8B27F8A2BC0035B058 /* haberviewmodel.swift in Sources */,
				0DAFCB7027F896010035B058 /* ViewController.swift in Sources */,
				0DAFCB8927F89EF70035B058 /* model.swift in Sources */,
				0DAFCB8F27F945D90035B058 /* SecondViewController.swift in Sources */,
				0DAFCB6C27F896010035B058 /* AppDelegate.swift in Sources */,
				0DAFCB8527F89C5F0035B058 /* CustomTableViewCell.swift in Sources */,
				0DAFCB8D27F8BD900035B058 /* imageconvert.swift in Sources */,
				0DAFCB8727F89E840035B058 /* webservice.swift in Sources */,
				0DAFCB6E27F896010035B058 /* SceneDelegate.swift in Sources */,
			);
			runOnlyForDeploymentPostprocessing = 0;
		};
/* End PBXSourcesBuildPhase section */

/* Begin PBXVariantGroup section */
		0DAFCB7127F896010035B058 /* Main.storyboard */ = {
			isa = PBXVariantGroup;
			children = (
				0DAFCB7227F896010035B058 /* Base */,
			);
			name = Main.storyboard;
			sourceTree = "<group>";
		};
		0DAFCB7627F896030035B058 /* LaunchScreen.storyboard */ = {
			isa = PBXVariantGroup;
			children = (
				0DAFCB7727F896030035B058 /* Base */,
			);
			name = LaunchScreen.storyboard;
			sourceTree = "<group>";
		};
/* End PBXVariantGroup section */

/* Begin XCBuildConfiguration section */
		0DAFCB7A27F896030035B058 /* Debug */ = {
			isa = XCBuildConfiguration;
			buildSettings = {
				ALWAYS_SEARCH_USER_PATHS = NO;
				CLANG_ANALYZER_NONNULL = YES;
				CLANG_ANALYZER_NUMBER_OBJECT_CONVERSION = YES_AGGRESSIVE;
				CLANG_CXX_LANGUAGE_STANDARD = "gnu++17";
				CLANG_ENABLE_MODULES = YES;
				CLANG_ENABLE_OBJC_ARC = YES;
				CLANG_ENABLE_OBJC_WEAK = YES;
				CLANG_WARN_BLOCK_CAPTURE_AUTORELEASING = YES;
				CLANG_WARN_BOOL_CONVERSION = YES;
				CLANG_WARN_COMMA = YES;
				CLANG_WARN_CONSTANT_CONVERSION = YES;
				CLANG_WARN_DEPRECATED_OBJC_IMPLEMENTATIONS = YES;
				CLANG_WARN_DIRECT_OBJC_ISA_USAGE = YES_ERROR;
				CLANG_WARN_DOCUMENTATION_COMMENTS = YES;
				CLANG_WARN_EMPTY_BODY = YES;
				CLANG_WARN_ENUM_CONVERSION = YES;
				CLANG_WARN_INFINITE_RECURSION = YES;
				CLANG_WARN_INT_CONVERSION = YES;
				CLANG_WARN_NON_LITERAL_NULL_CONVERSION = YES;
				CLANG_WARN_OBJC_IMPLICIT_RETAIN_SELF = YES;
				CLANG_WARN_OBJC_LITERAL_CONVERSION = YES;
				CLANG_WARN_OBJC_ROOT_CLASS = YES_ERROR;
				CLANG_WARN_QUOTED_INCLUDE_IN_FRAMEWORK_HEADER = YES;
				CLANG_WARN_RANGE_LOOP_ANALYSIS = YES;
				CLANG_WARN_STRICT_PROTOTYPES = YES;
				CLANG_WARN_SUSPICIOUS_MOVE = YES;
				CLANG_WARN_UNGUARDED_AVAILABILITY = YES_AGGRESSIVE;
				CLANG_WARN_UNREACHABLE_CODE = YES;
				CLANG_WARN__DUPLICATE_METHOD_MATCH = YES;
				COPY_PHASE_STRIP = NO;
				DEBUG_INFORMATION_FORMAT = dwarf;
				ENABLE_STRICT_OBJC_MSGSEND = YES;
				ENABLE_TESTABILITY = YES;
				GCC_C_LANGUAGE_STANDARD = gnu11;
				GCC_DYNAMIC_NO_PIC = NO;
				GCC_NO_COMMON_BLOCKS = YES;
				GCC_OPTIMIZATION_LEVEL = 0;
				GCC_PREPROCESSOR_DEFINITIONS = (
					"DEBUG=1",
					"$(inherited)",
				);
				GCC_WARN_64_TO_32_BIT_CONVERSION = YES;
				GCC_WARN_ABOUT_RETURN_TYPE = YES_ERROR;
				GCC_WARN_UNDECLARED_SELECTOR = YES;
				GCC_WARN_UNINITIALIZED_AUTOS = YES_AGGRESSIVE;
				GCC_WARN_UNUSED_FUNCTION = YES;
				GCC_WARN_UNUSED_VARIABLE = YES;
				IPHONEOS_DEPLOYMENT_TARGET = 15.4;
				MTL_ENABLE_DEBUG_INFO = INCLUDE_SOURCE;
				MTL_FAST_MATH = YES;
				ONLY_ACTIVE_ARCH = YES;
				SDKROOT = iphoneos;
				SWIFT_ACTIVE_COMPILATION_CONDITIONS = DEBUG;
				SWIFT_OPTIMIZATION_LEVEL = "-Onone";
			};
			name = Debug;
		};
		0DAFCB7B27F896030035B058 /* Release */ = {
			isa = XCBuildConfiguration;
			buildSettings = {
				ALWAYS_SEARCH_USER_PATHS = NO;
				CLANG_ANALYZER_NONNULL = YES;
				CLANG_ANALYZER_NUMBER_OBJECT_CONVERSION = YES_AGGRESSIVE;
				CLANG_CXX_LANGUAGE_STANDARD = "gnu++17";
				CLANG_ENABLE_MODULES = YES;
				CLANG_ENABLE_OBJC_ARC = YES;
				CLANG_ENABLE_OBJC_WEAK = YES;
				CLANG_WARN_BLOCK_CAPTURE_AUTORELEASING = YES;
				CLANG_WARN_BOOL_CONVERSION = YES;
				CLANG_WARN_COMMA = YES;
				CLANG_WARN_CONSTANT_CONVERSION = YES;
				CLANG_WARN_DEPRECATED_OBJC_IMPLEMENTATIONS = YES;
				CLANG_WARN_DIRECT_OBJC_ISA_USAGE = YES_ERROR;
				CLANG_WARN_DOCUMENTATION_COMMENTS = YES;
				CLANG_WARN_EMPTY_BODY = YES;
				CLANG_WARN_ENUM_CONVERSION = YES;
				CLANG_WARN_INFINITE_RECURSION = YES;
				CLANG_WARN_INT_CONVERSION = YES;
				CLANG_WARN_NON_LITERAL_NULL_CONVERSION = YES;
				CLANG_WARN_OBJC_IMPLICIT_RETAIN_SELF = YES;
				CLANG_WARN_OBJC_LITERAL_CONVERSION = YES;
				CLANG_WARN_OBJC_ROOT_CLASS = YES_ERROR;
				CLANG_WARN_QUOTED_INCLUDE_IN_FRAMEWORK_HEADER = YES;
				CLANG_WARN_RANGE_LOOP_ANALYSIS = YES;
				CLANG_WARN_STRICT_PROTOTYPES = YES;
				CLANG_WARN_SUSPICIOUS_MOVE = YES;
				CLANG_WARN_UNGUARDED_AVAILABILITY = YES_AGGRESSIVE;
				CLANG_WARN_UNREACHABLE_CODE = YES;
				CLANG_WARN__DUPLICATE_METHOD_MATCH = YES;
				COPY_PHASE_STRIP = NO;
				DEBUG_INFORMATION_FORMAT = "dwarf-with-dsym";
				ENABLE_NS_ASSERTIONS = NO;
				ENABLE_STRICT_OBJC_MSGSEND = YES;
				GCC_C_LANGUAGE_STANDARD = gnu11;
				GCC_NO_COMMON_BLOCKS = YES;
				GCC_WARN_64_TO_32_BIT_CONVERSION = YES;
				GCC_WARN_ABOUT_RETURN_TYPE = YES_ERROR;
				GCC_WARN_UNDECLARED_SELECTOR = YES;
				GCC_WARN_UNINITIALIZED_AUTOS = YES_AGGRESSIVE;
				GCC_WARN_UNUSED_FUNCTION = YES;
				GCC_WARN_UNUSED_VARIABLE = YES;
				IPHONEOS_DEPLOYMENT_TARGET = 15.4;
				MTL_ENABLE_DEBUG_INFO = NO;
				MTL_FAST_MATH = YES;
				SDKROOT = iphoneos;
				SWIFT_COMPILATION_MODE = wholemodule;
				SWIFT_OPTIMIZATION_LEVEL = "-O";
				VALIDATE_PRODUCT = YES;
			};
			name = Release;
		};
		0DAFCB7D27F896030035B058 /* Debug */ = {
			isa = XCBuildConfiguration;
			buildSettings = {
				ASSETCATALOG_COMPILER_APPICON_NAME = AppIcon;
				ASSETCATALOG_COMPILER_GLOBAL_ACCENT_COLOR_NAME = AccentColor;
				CODE_SIGN_STYLE = Automatic;
				CURRENT_PROJECT_VERSION = 1;
				DEVELOPMENT_TEAM = RYA8WVFBRA;
				GENERATE_INFOPLIST_FILE = YES;
				INFOPLIST_FILE = CommentoutMobileApp/Info.plist;
				INFOPLIST_KEY_UIApplicationSupportsIndirectInputEvents = YES;
				INFOPLIST_KEY_UILaunchStoryboardName = LaunchScreen;
				INFOPLIST_KEY_UIMainStoryboardFile = Main;
				INFOPLIST_KEY_UISupportedInterfaceOrientations_iPad = "UIInterfaceOrientationPortrait UIInterfaceOrientationPortraitUpsideDown UIInterfaceOrientationLandscapeLeft UIInterfaceOrientationLandscapeRight";
				INFOPLIST_KEY_UISupportedInterfaceOrientations_iPhone = "UIInterfaceOrientationPortrait UIInterfaceOrientationLandscapeLeft UIInterfaceOrientationLandscapeRight";
				LD_RUNPATH_SEARCH_PATHS = (
					"$(inherited)",
					"@executable_path/Frameworks",
				);
				MARKETING_VERSION = 1.0;
				PRODUCT_BUNDLE_IDENTIFIER = selimhangulsever.CommentoutMobileApp;
				PRODUCT_NAME = "$(TARGET_NAME)";
				SWIFT_EMIT_LOC_STRINGS = YES;
				SWIFT_VERSION = 5.0;
				TARGETED_DEVICE_FAMILY = "1,2";
			};
			name = Debug;
		};
		0DAFCB7E27F896030035B058 /* Release */ = {
			isa = XCBuildConfiguration;
			buildSettings = {
				ASSETCATALOG_COMPILER_APPICON_NAME = AppIcon;
				ASSETCATALOG_COMPILER_GLOBAL_ACCENT_COLOR_NAME = AccentColor;
				CODE_SIGN_STYLE = Automatic;
				CURRENT_PROJECT_VERSION = 1;
				DEVELOPMENT_TEAM = RYA8WVFBRA;
				GENERATE_INFOPLIST_FILE = YES;
				INFOPLIST_FILE = CommentoutMobileApp/Info.plist;
				INFOPLIST_KEY_UIApplicationSupportsIndirectInputEvents = YES;
				INFOPLIST_KEY_UILaunchStoryboardName = LaunchScreen;
				INFOPLIST_KEY_UIMainStoryboardFile = Main;
				INFOPLIST_KEY_UISupportedInterfaceOrientations_iPad = "UIInterfaceOrientationPortrait UIInterfaceOrientationPortraitUpsideDown UIInterfaceOrientationLandscapeLeft UIInterfaceOrientationLandscapeRight";
				INFOPLIST_KEY_UISupportedInterfaceOrientations_iPhone = "UIInterfaceOrientationPortrait UIInterfaceOrientationLandscapeLeft UIInterfaceOrientationLandscapeRight";
				LD_RUNPATH_SEARCH_PATHS = (
					"$(inherited)",
					"@executable_path/Frameworks",
				);
				MARKETING_VERSION = 1.0;
				PRODUCT_BUNDLE_IDENTIFIER = selimhangulsever.CommentoutMobileApp;
				PRODUCT_NAME = "$(TARGET_NAME)";
				SWIFT_EMIT_LOC_STRINGS = YES;
				SWIFT_VERSION = 5.0;
				TARGETED_DEVICE_FAMILY = "1,2";
			};
			name = Release;
		};
/* End XCBuildConfiguration section */

/* Begin XCConfigurationList section */
		0DAFCB6327F896010035B058 /* Build configuration list for PBXProject "CommentoutMobileApp" */ = {
			isa = XCConfigurationList;
			buildConfigurations = (
				0DAFCB7A27F896030035B058 /* Debug */,
				0DAFCB7B27F896030035B058 /* Release */,
			);
			defaultConfigurationIsVisible = 0;
			defaultConfigurationName = Release;
		};
		0DAFCB7C27F896030035B058 /* Build configuration list for PBXNativeTarget "CommentoutMobileApp" */ = {
			isa = XCConfigurationList;
			buildConfigurations = (
				0DAFCB7D27F896030035B058 /* Debug */,
				0DAFCB7E27F896030035B058 /* Release */,
			);
			defaultConfigurationIsVisible = 0;
			defaultConfigurationName = Release;
		};
/* End XCConfigurationList section */
	};
	rootObject = 0DAFCB6027F896010035B058 /* Project object */;
}
